
Microsoft Visual Studio Solution File, Format Version 12.00
# Visual Studio Version 17
VisualStudioVersion = 17.5.33627.172
MinimumVisualStudioVersion = 10.0.40219.1
Project("{FAE04EC0-301F-11D3-BF4B-00C04F79EFBC}") = "WServices", "WServices\WServices.csproj", "{69C6C808-8917-46FF-A0B9-33A403D79BD5}"
EndProject
Global
	GlobalSection(SolutionConfigurationPlatforms) = preSolution
		Debug|Any CPU = Debug|Any CPU
		Release|Any CPU = Release|Any CPU
	EndGlobalSection
	GlobalSection(ProjectConfigurationPlatforms) = postSolution
		{69C6C808-8917-46FF-A0B9-33A403D79BD5}.Debug|Any CPU.ActiveCfg = Debug|Any CPU
		{69C6C808-8917-46FF-A0B9-33A403D79BD5}.Debug|Any CPU.Build.0 = Debug|Any CPU
		{69C6C808-8917-46FF-A0B9-33A403D79BD5}.Release|Any CPU.ActiveCfg = Release|Any CPU
		{69C6C808-8917-46FF-A0B9-33A403D79BD5}.Release|Any CPU.Build.0 = Release|Any CPU
	EndGlobalSection
	GlobalSection(SolutionProperties) = preSolution
		HideSolutionNode = FALSE
	EndGlobalSection
	GlobalSection(ExtensibilityGlobals) = postSolution
		SolutionGuid = {0FAC6E20-C1E0-4CCB-9E8D-791B78C10303}
	EndGlobalSection
EndGlobal
